
Microsoft Visual Studio Solution File, Format Version 12.00
# Visual Studio 14
VisualStudioVersion = 14.0.24720.0
MinimumVisualStudioVersion = 10.0.40219.1
Project("{FAE04EC0-301F-11D3-BF4B-00C04F79EFBC}") = "TestProject", "TestProject\TestProject.csproj", "{484ABD5B-1BEB-4516-AA6D-4F89FC33B129}"
EndProject
Project("{FAE04EC0-301F-11D3-BF4B-00C04F79EFBC}") = "TestProject.Tests", "TestProject.Tests\TestProject.Tests.csproj", "{475DA4DA-F743-4744-A9B7-5C551D4F8F13}"
EndProject
Global
	GlobalSection(SolutionConfigurationPlatforms) = preSolution
		Debug|Any CPU = Debug|Any CPU
		Release|Any CPU = Release|Any CPU
	EndGlobalSection
	GlobalSection(ProjectConfigurationPlatforms) = postSolution
		{484ABD5B-1BEB-4516-AA6D-4F89FC33B129}.Debug|Any CPU.ActiveCfg = Debug|Any CPU
		{484ABD5B-1BEB-4516-AA6D-4F89FC33B129}.Debug|Any CPU.Build.0 = Debug|Any CPU
		{484ABD5B-1BEB-4516-AA6D-4F89FC33B129}.Release|Any CPU.ActiveCfg = Release|Any CPU
		{484ABD5B-1BEB-4516-AA6D-4F89FC33B129}.Release|Any CPU.Build.0 = Release|Any CPU
		{475DA4DA-F743-4744-A9B7-5C551D4F8F13}.Debug|Any CPU.ActiveCfg = Debug|Any CPU
		{475DA4DA-F743-4744-A9B7-5C551D4F8F13}.Debug|Any CPU.Build.0 = Debug|Any CPU
		{475DA4DA-F743-4744-A9B7-5C551D4F8F13}.Release|Any CPU.ActiveCfg = Release|Any CPU
		{475DA4DA-F743-4744-A9B7-5C551D4F8F13}.Release|Any CPU.Build.0 = Release|Any CPU
	EndGlobalSection
	GlobalSection(SolutionProperties) = preSolution
		HideSolutionNode = FALSE
	EndGlobalSection
EndGlobal
